// !$*UTF8*$!
{
	archiveVersion = 1;
	classes = {
	};
	objectVersion = 56;
	objects = {

/* Begin PBXBuildFile section */
		D015A2B82C0E4019009614E6 /* GoogleService-Info.plist in Resources */ = {isa = PBXBuildFile; fileRef = D015A2B72C0E4019009614E6 /* GoogleService-Info.plist */; };
		D0193FEC2C0AF68300DB4066 /* FirebaseAuth in Frameworks */ = {isa = PBXBuildFile; productRef = D0193FEB2C0AF68300DB4066 /* FirebaseAuth */; };
		D0193FEE2C0AF68300DB4066 /* FirebaseFirestore in Frameworks */ = {isa = PBXBuildFile; productRef = D0193FED2C0AF68300DB4066 /* FirebaseFirestore */; };
		D0193FF02C0AF68300DB4066 /* FirebaseFirestoreSwift in Frameworks */ = {isa = PBXBuildFile; productRef = D0193FEF2C0AF68300DB4066 /* FirebaseFirestoreSwift */; };
		D0193FF22C0AF68300DB4066 /* FirebaseStorage in Frameworks */ = {isa = PBXBuildFile; productRef = D0193FF12C0AF68300DB4066 /* FirebaseStorage */; };
		D0193FF42C0AF77E00DB4066 /* UserModel.swift in Sources */ = {isa = PBXBuildFile; fileRef = D0193FF32C0AF77E00DB4066 /* UserModel.swift */; };
		D0193FF62C0AF91100DB4066 /* ForgotView.swift in Sources */ = {isa = PBXBuildFile; fileRef = D0193FF52C0AF91100DB4066 /* ForgotView.swift */; };
		D03240E52C0A5E050035C292 /* TravelMateApp.swift in Sources */ = {isa = PBXBuildFile; fileRef = D03240E42C0A5E050035C292 /* TravelMateApp.swift */; };
		D03240E72C0A5E050035C292 /* ContentView.swift in Sources */ = {isa = PBXBuildFile; fileRef = D03240E62C0A5E050035C292 /* ContentView.swift */; };
		D03240E92C0A5E070035C292 /* Assets.xcassets in Resources */ = {isa = PBXBuildFile; fileRef = D03240E82C0A5E070035C292 /* Assets.xcassets */; };
		D03240EC2C0A5E070035C292 /* Preview Assets.xcassets in Resources */ = {isa = PBXBuildFile; fileRef = D03240EB2C0A5E070035C292 /* Preview Assets.xcassets */; };
		D03240F82C0A6F200035C292 /* Modelo.swift in Sources */ = {isa = PBXBuildFile; fileRef = D03240F72C0A6F200035C292 /* Modelo.swift */; };
		D03240FA2C0A6F2E0035C292 /* ApiClient.swift in Sources */ = {isa = PBXBuildFile; fileRef = D03240F92C0A6F2E0035C292 /* ApiClient.swift */; };
		D03240FE2C0A6FA90035C292 /* LoginView.swift in Sources */ = {isa = PBXBuildFile; fileRef = D03240FD2C0A6FA90035C292 /* LoginView.swift */; };
		D03241002C0A6FBE0035C292 /* LoginViewViewModel.swift in Sources */ = {isa = PBXBuildFile; fileRef = D03240FF2C0A6FBE0035C292 /* LoginViewViewModel.swift */; };
		D03241022C0A6FF10035C292 /* RegisterView.swift in Sources */ = {isa = PBXBuildFile; fileRef = D03241012C0A6FF10035C292 /* RegisterView.swift */; };
		D03241062C0A74D00035C292 /* HomeView.swift in Sources */ = {isa = PBXBuildFile; fileRef = D03241052C0A74D00035C292 /* HomeView.swift */; };
		D03241082C0A74E30035C292 /* HomeViewModel.swift in Sources */ = {isa = PBXBuildFile; fileRef = D03241072C0A74E30035C292 /* HomeViewModel.swift */; };
		D032410A2C0A90200035C292 /* SplashScreenView.swift in Sources */ = {isa = PBXBuildFile; fileRef = D03241092C0A90200035C292 /* SplashScreenView.swift */; };
/* End PBXBuildFile section */

/* Begin PBXFileReference section */
		D015A2B72C0E4019009614E6 /* GoogleService-Info.plist */ = {isa = PBXFileReference; fileEncoding = 4; lastKnownFileType = text.plist.xml; path = "GoogleService-Info.plist"; sourceTree = "<group>"; };
		D0193FF32C0AF77E00DB4066 /* UserModel.swift */ = {isa = PBXFileReference; lastKnownFileType = sourcecode.swift; path = UserModel.swift; sourceTree = "<group>"; };
		D0193FF52C0AF91100DB4066 /* ForgotView.swift */ = {isa = PBXFileReference; lastKnownFileType = sourcecode.swift; path = ForgotView.swift; sourceTree = "<group>"; };
		D03240E12C0A5E050035C292 /* TravelMate.app */ = {isa = PBXFileReference; explicitFileType = wrapper.application; includeInIndex = 0; path = TravelMate.app; sourceTree = BUILT_PRODUCTS_DIR; };
		D03240E42C0A5E050035C292 /* TravelMateApp.swift */ = {isa = PBXFileReference; lastKnownFileType = sourcecode.swift; path = TravelMateApp.swift; sourceTree = "<group>"; };
		D03240E62C0A5E050035C292 /* ContentView.swift */ = {isa = PBXFileReference; lastKnownFileType = sourcecode.swift; path = ContentView.swift; sourceTree = "<group>"; };
		D03240E82C0A5E070035C292 /* Assets.xcassets */ = {isa = PBXFileReference; lastKnownFileType = folder.assetcatalog; path = Assets.xcassets; sourceTree = "<group>"; };
		D03240EB2C0A5E070035C292 /* Preview Assets.xcassets */ = {isa = PBXFileReference; lastKnownFileType = folder.assetcatalog; path = "Preview Assets.xcassets"; sourceTree = "<group>"; };
		D03240F72C0A6F200035C292 /* Modelo.swift */ = {isa = PBXFileReference; lastKnownFileType = sourcecode.swift; path = Modelo.swift; sourceTree = "<group>"; };
		D03240F92C0A6F2E0035C292 /* ApiClient.swift */ = {isa = PBXFileReference; lastKnownFileType = sourcecode.swift; path = ApiClient.swift; sourceTree = "<group>"; };
		D03240FD2C0A6FA90035C292 /* LoginView.swift */ = {isa = PBXFileReference; lastKnownFileType = sourcecode.swift; path = LoginView.swift; sourceTree = "<group>"; };
		D03240FF2C0A6FBE0035C292 /* LoginViewViewModel.swift */ = {isa = PBXFileReference; lastKnownFileType = sourcecode.swift; path = LoginViewViewModel.swift; sourceTree = "<group>"; };
		D03241012C0A6FF10035C292 /* RegisterView.swift */ = {isa = PBXFileReference; lastKnownFileType = sourcecode.swift; path = RegisterView.swift; sourceTree = "<group>"; };
		D03241052C0A74D00035C292 /* HomeView.swift */ = {isa = PBXFileReference; lastKnownFileType = sourcecode.swift; path = HomeView.swift; sourceTree = "<group>"; };
		D03241072C0A74E30035C292 /* HomeViewModel.swift */ = {isa = PBXFileReference; lastKnownFileType = sourcecode.swift; path = HomeViewModel.swift; sourceTree = "<group>"; };
		D03241092C0A90200035C292 /* SplashScreenView.swift */ = {isa = PBXFileReference; lastKnownFileType = sourcecode.swift; path = SplashScreenView.swift; sourceTree = "<group>"; };
/* End PBXFileReference section */

/* Begin PBXFrameworksBuildPhase section */
		D03240DE2C0A5E050035C292 /* Frameworks */ = {
			isa = PBXFrameworksBuildPhase;
			buildActionMask = 2147483647;
			files = (
				D0193FEC2C0AF68300DB4066 /* FirebaseAuth in Frameworks */,
				D0193FF22C0AF68300DB4066 /* FirebaseStorage in Frameworks */,
				D0193FEE2C0AF68300DB4066 /* FirebaseFirestore in Frameworks */,
				D0193FF02C0AF68300DB4066 /* FirebaseFirestoreSwift in Frameworks */,
			);
			runOnlyForDeploymentPostprocessing = 0;
		};
/* End PBXFrameworksBuildPhase section */

/* Begin PBXGroup section */
		D03240D82C0A5E050035C292 = {
			isa = PBXGroup;
			children = (
				D015A2B72C0E4019009614E6 /* GoogleService-Info.plist */,
				D03240E32C0A5E050035C292 /* TravelMate */,
				D03240E22C0A5E050035C292 /* Products */,
			);
			sourceTree = "<group>";
		};
		D03240E22C0A5E050035C292 /* Products */ = {
			isa = PBXGroup;
			children = (
				D03240E12C0A5E050035C292 /* TravelMate.app */,
			);
			name = Products;
			sourceTree = "<group>";
		};
		D03240E32C0A5E050035C292 /* TravelMate */ = {
			isa = PBXGroup;
			children = (
				D03240F62C0A6EF00035C292 /* Moduls */,
				D03240F52C0A6EE50035C292 /* Network */,
				D03240F42C0A6ECB0035C292 /* Model */,
				D03240E42C0A5E050035C292 /* TravelMateApp.swift */,
				D03240E62C0A5E050035C292 /* ContentView.swift */,
				D03240E82C0A5E070035C292 /* Assets.xcassets */,
				D03240EA2C0A5E070035C292 /* Preview Content */,
			);
			path = TravelMate;
			sourceTree = "<group>";
		};
		D03240EA2C0A5E070035C292 /* Preview Content */ = {
			isa = PBXGroup;
			children = (
				D03240EB2C0A5E070035C292 /* Preview Assets.xcassets */,
			);
			path = "Preview Content";
			sourceTree = "<group>";
		};
		D03240F42C0A6ECB0035C292 /* Model */ = {
			isa = PBXGroup;
			children = (
				D03240F72C0A6F200035C292 /* Modelo.swift */,
				D0193FF32C0AF77E00DB4066 /* UserModel.swift */,
			);
			path = Model;
			sourceTree = "<group>";
		};
		D03240F52C0A6EE50035C292 /* Network */ = {
			isa = PBXGroup;
			children = (
				D03240F92C0A6F2E0035C292 /* ApiClient.swift */,
			);
			path = Network;
			sourceTree = "<group>";
		};
		D03240F62C0A6EF00035C292 /* Moduls */ = {
			isa = PBXGroup;
			children = (
				D03240FF2C0A6FBE0035C292 /* LoginViewViewModel.swift */,
				D03240FD2C0A6FA90035C292 /* LoginView.swift */,
				D03241012C0A6FF10035C292 /* RegisterView.swift */,
				D0193FF52C0AF91100DB4066 /* ForgotView.swift */,
				D03241052C0A74D00035C292 /* HomeView.swift */,
				D03241072C0A74E30035C292 /* HomeViewModel.swift */,
				D03241092C0A90200035C292 /* SplashScreenView.swift */,
			);
			path = Moduls;
			sourceTree = "<group>";
		};
/* End PBXGroup section */

/* Begin PBXNativeTarget section */
		D03240E02C0A5E050035C292 /* TravelMate */ = {
			isa = PBXNativeTarget;
			buildConfigurationList = D03240EF2C0A5E070035C292 /* Build configuration list for PBXNativeTarget "TravelMate" */;
			buildPhases = (
				D03240DD2C0A5E050035C292 /* Sources */,
				D03240DE2C0A5E050035C292 /* Frameworks */,
				D03240DF2C0A5E050035C292 /* Resources */,
			);
			buildRules = (
			);
			dependencies = (
			);
			name = TravelMate;
			packageProductDependencies = (
				D0193FEB2C0AF68300DB4066 /* FirebaseAuth */,
				D0193FED2C0AF68300DB4066 /* FirebaseFirestore */,
				D0193FEF2C0AF68300DB4066 /* FirebaseFirestoreSwift */,
				D0193FF12C0AF68300DB4066 /* FirebaseStorage */,
			);
			productName = TravelMate;
			productReference = D03240E12C0A5E050035C292 /* TravelMate.app */;
			productType = "com.apple.product-type.application";
		};
/* End PBXNativeTarget section */

/* Begin PBXProject section */
		D03240D92C0A5E050035C292 /* Project object */ = {
			isa = PBXProject;
			attributes = {
				BuildIndependentTargetsInParallel = 1;
				LastSwiftUpdateCheck = 1540;
				LastUpgradeCheck = 1540;
				TargetAttributes = {
					D03240E02C0A5E050035C292 = {
						CreatedOnToolsVersion = 15.4;
					};
				};
			};
			buildConfigurationList = D03240DC2C0A5E050035C292 /* Build configuration list for PBXProject "TravelMate" */;
			compatibilityVersion = "Xcode 14.0";
			developmentRegion = en;
			hasScannedForEncodings = 0;
			knownRegions = (
				en,
				Base,
			);
			mainGroup = D03240D82C0A5E050035C292;
			packageReferences = (
				D0193FEA2C0AF68300DB4066 /* XCRemoteSwiftPackageReference "firebase-ios-sdk" */,
			);
			productRefGroup = D03240E22C0A5E050035C292 /* Products */;
			projectDirPath = "";
			projectRoot = "";
			targets = (
				D03240E02C0A5E050035C292 /* TravelMate */,
			);
		};
/* End PBXProject section */

/* Begin PBXResourcesBuildPhase section */
		D03240DF2C0A5E050035C292 /* Resources */ = {
			isa = PBXResourcesBuildPhase;
			buildActionMask = 2147483647;
			files = (
				D03240EC2C0A5E070035C292 /* Preview Assets.xcassets in Resources */,
				D015A2B82C0E4019009614E6 /* GoogleService-Info.plist in Resources */,
				D03240E92C0A5E070035C292 /* Assets.xcassets in Resources */,
			);
			runOnlyForDeploymentPostprocessing = 0;
		};
/* End PBXResourcesBuildPhase section */

/* Begin PBXSourcesBuildPhase section */
		D03240DD2C0A5E050035C292 /* Sources */ = {
			isa = PBXSourcesBuildPhase;
			buildActionMask = 2147483647;
			files = (
				D03240F82C0A6F200035C292 /* Modelo.swift in Sources */,
				D03241082C0A74E30035C292 /* HomeViewModel.swift in Sources */,
				D03240E72C0A5E050035C292 /* ContentView.swift in Sources */,
				D03241002C0A6FBE0035C292 /* LoginViewViewModel.swift in Sources */,
				D032410A2C0A90200035C292 /* SplashScreenView.swift in Sources */,
				D03241062C0A74D00035C292 /* HomeView.swift in Sources */,
				D03241022C0A6FF10035C292 /* RegisterView.swift in Sources */,
				D03240E52C0A5E050035C292 /* TravelMateApp.swift in Sources */,
				D03240FE2C0A6FA90035C292 /* LoginView.swift in Sources */,
				D0193FF42C0AF77E00DB4066 /* UserModel.swift in Sources */,
				D03240FA2C0A6F2E0035C292 /* ApiClient.swift in Sources */,
				D0193FF62C0AF91100DB4066 /* ForgotView.swift in Sources */,
			);
			runOnlyForDeploymentPostprocessing = 0;
		};
/* End PBXSourcesBuildPhase section */

/* Begin XCBuildConfiguration section */
		D03240ED2C0A5E070035C292 /* Debug */ = {
			isa = XCBuildConfiguration;
			buildSettings = {
				ALWAYS_SEARCH_USER_PATHS = NO;
				ASSETCATALOG_COMPILER_GENERATE_SWIFT_ASSET_SYMBOL_EXTENSIONS = YES;
				CLANG_ANALYZER_NONNULL = YES;
				CLANG_ANALYZER_NUMBER_OBJECT_CONVERSION = YES_AGGRESSIVE;
				CLANG_CXX_LANGUAGE_STANDARD = "gnu++20";
				CLANG_ENABLE_MODULES = YES;
				CLANG_ENABLE_OBJC_ARC = YES;
				CLANG_ENABLE_OBJC_WEAK = YES;
				CLANG_WARN_BLOCK_CAPTURE_AUTORELEASING = YES;
				CLANG_WARN_BOOL_CONVERSION = YES;
				CLANG_WARN_COMMA = YES;
				CLANG_WARN_CONSTANT_CONVERSION = YES;
				CLANG_WARN_DEPRECATED_OBJC_IMPLEMENTATIONS = YES;
				CLANG_WARN_DIRECT_OBJC_ISA_USAGE = YES_ERROR;
				CLANG_WARN_DOCUMENTATION_COMMENTS = YES;
				CLANG_WARN_EMPTY_BODY = YES;
				CLANG_WARN_ENUM_CONVERSION = YES;
				CLANG_WARN_INFINITE_RECURSION = YES;
				CLANG_WARN_INT_CONVERSION = YES;
				CLANG_WARN_NON_LITERAL_NULL_CONVERSION = YES;
				CLANG_WARN_OBJC_IMPLICIT_RETAIN_SELF = YES;
				CLANG_WARN_OBJC_LITERAL_CONVERSION = YES;
				CLANG_WARN_OBJC_ROOT_CLASS = YES_ERROR;
				CLANG_WARN_QUOTED_INCLUDE_IN_FRAMEWORK_HEADER = YES;
				CLANG_WARN_RANGE_LOOP_ANALYSIS = YES;
				CLANG_WARN_STRICT_PROTOTYPES = YES;
				CLANG_WARN_SUSPICIOUS_MOVE = YES;
				CLANG_WARN_UNGUARDED_AVAILABILITY = YES_AGGRESSIVE;
				CLANG_WARN_UNREACHABLE_CODE = YES;
				CLANG_WARN__DUPLICATE_METHOD_MATCH = YES;
				COPY_PHASE_STRIP = NO;
				DEBUG_INFORMATION_FORMAT = dwarf;
				ENABLE_STRICT_OBJC_MSGSEND = YES;
				ENABLE_TESTABILITY = YES;
				ENABLE_USER_SCRIPT_SANDBOXING = YES;
				GCC_C_LANGUAGE_STANDARD = gnu17;
				GCC_DYNAMIC_NO_PIC = NO;
				GCC_NO_COMMON_BLOCKS = YES;
				GCC_OPTIMIZATION_LEVEL = 0;
				GCC_PREPROCESSOR_DEFINITIONS = (
					"DEBUG=1",
					"$(inherited)",
				);
				GCC_WARN_64_TO_32_BIT_CONVERSION = YES;
				GCC_WARN_ABOUT_RETURN_TYPE = YES_ERROR;
				GCC_WARN_UNDECLARED_SELECTOR = YES;
				GCC_WARN_UNINITIALIZED_AUTOS = YES_AGGRESSIVE;
				GCC_WARN_UNUSED_FUNCTION = YES;
				GCC_WARN_UNUSED_VARIABLE = YES;
				IPHONEOS_DEPLOYMENT_TARGET = 17.5;
				LOCALIZATION_PREFERS_STRING_CATALOGS = YES;
				MTL_ENABLE_DEBUG_INFO = INCLUDE_SOURCE;
				MTL_FAST_MATH = YES;
				ONLY_ACTIVE_ARCH = YES;
				SDKROOT = iphoneos;
				SWIFT_ACTIVE_COMPILATION_CONDITIONS = "DEBUG $(inherited)";
				SWIFT_OPTIMIZATION_LEVEL = "-Onone";
			};
			name = Debug;
		};
		D03240EE2C0A5E070035C292 /* Release */ = {
			isa = XCBuildConfiguration;
			buildSettings = {
				ALWAYS_SEARCH_USER_PATHS = NO;
				ASSETCATALOG_COMPILER_GENERATE_SWIFT_ASSET_SYMBOL_EXTENSIONS = YES;
				CLANG_ANALYZER_NONNULL = YES;
				CLANG_ANALYZER_NUMBER_OBJECT_CONVERSION = YES_AGGRESSIVE;
				CLANG_CXX_LANGUAGE_STANDARD = "gnu++20";
				CLANG_ENABLE_MODULES = YES;
				CLANG_ENABLE_OBJC_ARC = YES;
				CLANG_ENABLE_OBJC_WEAK = YES;
				CLANG_WARN_BLOCK_CAPTURE_AUTORELEASING = YES;
				CLANG_WARN_BOOL_CONVERSION = YES;
				CLANG_WARN_COMMA = YES;
				CLANG_WARN_CONSTANT_CONVERSION = YES;
				CLANG_WARN_DEPRECATED_OBJC_IMPLEMENTATIONS = YES;
				CLANG_WARN_DIRECT_OBJC_ISA_USAGE = YES_ERROR;
				CLANG_WARN_DOCUMENTATION_COMMENTS = YES;
				CLANG_WARN_EMPTY_BODY = YES;
				CLANG_WARN_ENUM_CONVERSION = YES;
				CLANG_WARN_INFINITE_RECURSION = YES;
				CLANG_WARN_INT_CONVERSION = YES;
				CLANG_WARN_NON_LITERAL_NULL_CONVERSION = YES;
				CLANG_WARN_OBJC_IMPLICIT_RETAIN_SELF = YES;
				CLANG_WARN_OBJC_LITERAL_CONVERSION = YES;
				CLANG_WARN_OBJC_ROOT_CLASS = YES_ERROR;
				CLANG_WARN_QUOTED_INCLUDE_IN_FRAMEWORK_HEADER = YES;
				CLANG_WARN_RANGE_LOOP_ANALYSIS = YES;
				CLANG_WARN_STRICT_PROTOTYPES = YES;
				CLANG_WARN_SUSPICIOUS_MOVE = YES;
				CLANG_WARN_UNGUARDED_AVAILABILITY = YES_AGGRESSIVE;
				CLANG_WARN_UNREACHABLE_CODE = YES;
				CLANG_WARN__DUPLICATE_METHOD_MATCH = YES;
				COPY_PHASE_STRIP = NO;
				DEBUG_INFORMATION_FORMAT = "dwarf-with-dsym";
				ENABLE_NS_ASSERTIONS = NO;
				ENABLE_STRICT_OBJC_MSGSEND = YES;
				ENABLE_USER_SCRIPT_SANDBOXING = YES;
				GCC_C_LANGUAGE_STANDARD = gnu17;
				GCC_NO_COMMON_BLOCKS = YES;
				GCC_WARN_64_TO_32_BIT_CONVERSION = YES;
				GCC_WARN_ABOUT_RETURN_TYPE = YES_ERROR;
				GCC_WARN_UNDECLARED_SELECTOR = YES;
				GCC_WARN_UNINITIALIZED_AUTOS = YES_AGGRESSIVE;
				GCC_WARN_UNUSED_FUNCTION = YES;
				GCC_WARN_UNUSED_VARIABLE = YES;
				IPHONEOS_DEPLOYMENT_TARGET = 17.5;
				LOCALIZATION_PREFERS_STRING_CATALOGS = YES;
				MTL_ENABLE_DEBUG_INFO = NO;
				MTL_FAST_MATH = YES;
				SDKROOT = iphoneos;
				SWIFT_COMPILATION_MODE = wholemodule;
				VALIDATE_PRODUCT = YES;
			};
			name = Release;
		};
		D03240F02C0A5E070035C292 /* Debug */ = {
			isa = XCBuildConfiguration;
			buildSettings = {
				ASSETCATALOG_COMPILER_APPICON_NAME = AppIcon;
				ASSETCATALOG_COMPILER_GLOBAL_ACCENT_COLOR_NAME = AccentColor;
				CODE_SIGN_STYLE = Automatic;
				CURRENT_PROJECT_VERSION = 1;
				DEVELOPMENT_ASSET_PATHS = "\"TravelMate/Preview Content\"";
				DEVELOPMENT_TEAM = T7283TTLGQ;
				ENABLE_PREVIEWS = YES;
				GENERATE_INFOPLIST_FILE = YES;
				INFOPLIST_KEY_UIApplicationSceneManifest_Generation = YES;
				INFOPLIST_KEY_UIApplicationSupportsIndirectInputEvents = YES;
				INFOPLIST_KEY_UILaunchScreen_Generation = YES;
				INFOPLIST_KEY_UISupportedInterfaceOrientations_iPad = "UIInterfaceOrientationPortrait UIInterfaceOrientationPortraitUpsideDown UIInterfaceOrientationLandscapeLeft UIInterfaceOrientationLandscapeRight";
				INFOPLIST_KEY_UISupportedInterfaceOrientations_iPhone = "UIInterfaceOrientationPortrait UIInterfaceOrientationLandscapeLeft UIInterfaceOrientationLandscapeRight";
				LD_RUNPATH_SEARCH_PATHS = (
					"$(inherited)",
					"@executable_path/Frameworks",
				);
				MARKETING_VERSION = 1.0;
				PRODUCT_BUNDLE_IDENTIFIER = com.ricardoherrera.TravelMate;
				PRODUCT_NAME = "$(TARGET_NAME)";
				SWIFT_EMIT_LOC_STRINGS = YES;
				SWIFT_VERSION = 5.0;
				TARGETED_DEVICE_FAMILY = "1,2";
			};
			name = Debug;
		};
		D03240F12C0A5E070035C292 /* Release */ = {
			isa = XCBuildConfiguration;
			buildSettings = {
				ASSETCATALOG_COMPILER_APPICON_NAME = AppIcon;
				ASSETCATALOG_COMPILER_GLOBAL_ACCENT_COLOR_NAME = AccentColor;
				CODE_SIGN_STYLE = Automatic;
				CURRENT_PROJECT_VERSION = 1;
				DEVELOPMENT_ASSET_PATHS = "\"TravelMate/Preview Content\"";
				DEVELOPMENT_TEAM = T7283TTLGQ;
				ENABLE_PREVIEWS = YES;
				GENERATE_INFOPLIST_FILE = YES;
				INFOPLIST_KEY_UIApplicationSceneManifest_Generation = YES;
				INFOPLIST_KEY_UIApplicationSupportsIndirectInputEvents = YES;
				INFOPLIST_KEY_UILaunchScreen_Generation = YES;
				INFOPLIST_KEY_UISupportedInterfaceOrientations_iPad = "UIInterfaceOrientationPortrait UIInterfaceOrientationPortraitUpsideDown UIInterfaceOrientationLandscapeLeft UIInterfaceOrientationLandscapeRight";
				INFOPLIST_KEY_UISupportedInterfaceOrientations_iPhone = "UIInterfaceOrientationPortrait UIInterfaceOrientationLandscapeLeft UIInterfaceOrientationLandscapeRight";
				LD_RUNPATH_SEARCH_PATHS = (
					"$(inherited)",
					"@executable_path/Frameworks",
				);
				MARKETING_VERSION = 1.0;
				PRODUCT_BUNDLE_IDENTIFIER = com.ricardoherrera.TravelMate;
				PRODUCT_NAME = "$(TARGET_NAME)";
				SWIFT_EMIT_LOC_STRINGS = YES;
				SWIFT_VERSION = 5.0;
				TARGETED_DEVICE_FAMILY = "1,2";
			};
			name = Release;
		};
/* End XCBuildConfiguration section */

/* Begin XCConfigurationList section */
		D03240DC2C0A5E050035C292 /* Build configuration list for PBXProject "TravelMate" */ = {
			isa = XCConfigurationList;
			buildConfigurations = (
				D03240ED2C0A5E070035C292 /* Debug */,
				D03240EE2C0A5E070035C292 /* Release */,
			);
			defaultConfigurationIsVisible = 0;
			defaultConfigurationName = Release;
		};
		D03240EF2C0A5E070035C292 /* Build configuration list for PBXNativeTarget "TravelMate" */ = {
			isa = XCConfigurationList;
			buildConfigurations = (
				D03240F02C0A5E070035C292 /* Debug */,
				D03240F12C0A5E070035C292 /* Release */,
			);
			defaultConfigurationIsVisible = 0;
			defaultConfigurationName = Release;
		};
/* End XCConfigurationList section */

/* Begin XCRemoteSwiftPackageReference section */
		D0193FEA2C0AF68300DB4066 /* XCRemoteSwiftPackageReference "firebase-ios-sdk" */ = {
			isa = XCRemoteSwiftPackageReference;
			repositoryURL = "https://github.com/firebase/firebase-ios-sdk";
			requirement = {
				kind = upToNextMajorVersion;
				minimumVersion = 10.27.0;
			};
		};
/* End XCRemoteSwiftPackageReference section */

/* Begin XCSwiftPackageProductDependency section */
		D0193FEB2C0AF68300DB4066 /* FirebaseAuth */ = {
			isa = XCSwiftPackageProductDependency;
			package = D0193FEA2C0AF68300DB4066 /* XCRemoteSwiftPackageReference "firebase-ios-sdk" */;
			productName = FirebaseAuth;
		};
		D0193FED2C0AF68300DB4066 /* FirebaseFirestore */ = {
			isa = XCSwiftPackageProductDependency;
			package = D0193FEA2C0AF68300DB4066 /* XCRemoteSwiftPackageReference "firebase-ios-sdk" */;
			productName = FirebaseFirestore;
		};
		D0193FEF2C0AF68300DB4066 /* FirebaseFirestoreSwift */ = {
			isa = XCSwiftPackageProductDependency;
			package = D0193FEA2C0AF68300DB4066 /* XCRemoteSwiftPackageReference "firebase-ios-sdk" */;
			productName = FirebaseFirestoreSwift;
		};
		D0193FF12C0AF68300DB4066 /* FirebaseStorage */ = {
			isa = XCSwiftPackageProductDependency;
			package = D0193FEA2C0AF68300DB4066 /* XCRemoteSwiftPackageReference "firebase-ios-sdk" */;
			productName = FirebaseStorage;
		};
/* End XCSwiftPackageProductDependency section */
	};
	rootObject = D03240D92C0A5E050035C292 /* Project object */;
}
